// !$*UTF8*$!
{
	archiveVersion = 1;
	classes = {
	};
	objectVersion = 77;
	objects = {

/* Begin PBXContainerItemProxy section */
		A2CE83912CD997E00034BFDE /* PBXContainerItemProxy */ = {
			isa = PBXContainerItemProxy;
			containerPortal = A2CE83772CD997DF0034BFDE /* Project object */;
			proxyType = 1;
			remoteGlobalIDString = A2CE837E2CD997DF0034BFDE;
			remoteInfo = WallpaperInfo;
		};
		A2CE839B2CD997E00034BFDE /* PBXContainerItemProxy */ = {
			isa = PBXContainerItemProxy;
			containerPortal = A2CE83772CD997DF0034BFDE /* Project object */;
			proxyType = 1;
			remoteGlobalIDString = A2CE837E2CD997DF0034BFDE;
			remoteInfo = WallpaperInfo;
		};
/* End PBXContainerItemProxy section */

/* Begin PBXFileReference section */
		A2CE837F2CD997DF0034BFDE /* WallpaperInfo.app */ = {isa = PBXFileReference; explicitFileType = wrapper.application; includeInIndex = 0; path = WallpaperInfo.app; sourceTree = BUILT_PRODUCTS_DIR; };
		A2CE83902CD997E00034BFDE /* WallpaperInfoTests.xctest */ = {isa = PBXFileReference; explicitFileType = wrapper.cfbundle; includeInIndex = 0; path = WallpaperInfoTests.xctest; sourceTree = BUILT_PRODUCTS_DIR; };
		A2CE839A2CD997E00034BFDE /* WallpaperInfoUITests.xctest */ = {isa = PBXFileReference; explicitFileType = wrapper.cfbundle; includeInIndex = 0; path = WallpaperInfoUITests.xctest; sourceTree = BUILT_PRODUCTS_DIR; };
/* End PBXFileReference section */

/* Begin PBXFileSystemSynchronizedRootGroup section */
		A2CE83812CD997DF0034BFDE /* WallpaperInfo */ = {
			isa = PBXFileSystemSynchronizedRootGroup;
			path = WallpaperInfo;
			sourceTree = "<group>";
		};
		A2CE83932CD997E00034BFDE /* WallpaperInfoTests */ = {
			isa = PBXFileSystemSynchronizedRootGroup;
			path = WallpaperInfoTests;
			sourceTree = "<group>";
		};
		A2CE839D2CD997E00034BFDE /* WallpaperInfoUITests */ = {
			isa = PBXFileSystemSynchronizedRootGroup;
			path = WallpaperInfoUITests;
			sourceTree = "<group>";
		};
/* End PBXFileSystemSynchronizedRootGroup section */

/* Begin PBXFrameworksBuildPhase section */
		A2CE837C2CD997DF0034BFDE /* Frameworks */ = {
			isa = PBXFrameworksBuildPhase;
			buildActionMask = 2147483647;
			files = (
			);
			runOnlyForDeploymentPostprocessing = 0;
		};
		A2CE838D2CD997E00034BFDE /* Frameworks */ = {
			isa = PBXFrameworksBuildPhase;
			buildActionMask = 2147483647;
			files = (
			);
			runOnlyForDeploymentPostprocessing = 0;
		};
		A2CE83972CD997E00034BFDE /* Frameworks */ = {
			isa = PBXFrameworksBuildPhase;
			buildActionMask = 2147483647;
			files = (
			);
			runOnlyForDeploymentPostprocessing = 0;
		};
/* End PBXFrameworksBuildPhase section */

/* Begin PBXGroup section */
		A2CE83762CD997DF0034BFDE = {
			isa = PBXGroup;
			children = (
				A2CE83812CD997DF0034BFDE /* WallpaperInfo */,
				A2CE83932CD997E00034BFDE /* WallpaperInfoTests */,
				A2CE839D2CD997E00034BFDE /* WallpaperInfoUITests */,
				A2CE83802CD997DF0034BFDE /* Products */,
			);
			sourceTree = "<group>";
		};
		A2CE83802CD997DF0034BFDE /* Products */ = {
			isa = PBXGroup;
			children = (
				A2CE837F2CD997DF0034BFDE /* WallpaperInfo.app */,
				A2CE83902CD997E00034BFDE /* WallpaperInfoTests.xctest */,
				A2CE839A2CD997E00034BFDE /* WallpaperInfoUITests.xctest */,
			);
			name = Products;
			sourceTree = "<group>";
		};
/* End PBXGroup section */

/* Begin PBXNativeTarget section */
		A2CE837E2CD997DF0034BFDE /* WallpaperInfo */ = {
			isa = PBXNativeTarget;
			buildConfigurationList = A2CE83A42CD997E00034BFDE /* Build configuration list for PBXNativeTarget "WallpaperInfo" */;
			buildPhases = (
				A2CE837B2CD997DF0034BFDE /* Sources */,
				A2CE837C2CD997DF0034BFDE /* Frameworks */,
				A2CE837D2CD997DF0034BFDE /* Resources */,
			);
			buildRules = (
			);
			dependencies = (
			);
			fileSystemSynchronizedGroups = (
				A2CE83812CD997DF0034BFDE /* WallpaperInfo */,
			);
			name = WallpaperInfo;
			packageProductDependencies = (
			);
			productName = WallpaperInfo;
			productReference = A2CE837F2CD997DF0034BFDE /* WallpaperInfo.app */;
			productType = "com.apple.product-type.application";
		};
		A2CE838F2CD997E00034BFDE /* WallpaperInfoTests */ = {
			isa = PBXNativeTarget;
			buildConfigurationList = A2CE83A72CD997E00034BFDE /* Build configuration list for PBXNativeTarget "WallpaperInfoTests" */;
			buildPhases = (
				A2CE838C2CD997E00034BFDE /* Sources */,
				A2CE838D2CD997E00034BFDE /* Frameworks */,
				A2CE838E2CD997E00034BFDE /* Resources */,
			);
			buildRules = (
			);
			dependencies = (
				A2CE83922CD997E00034BFDE /* PBXTargetDependency */,
			);
			fileSystemSynchronizedGroups = (
				A2CE83932CD997E00034BFDE /* WallpaperInfoTests */,
			);
			name = WallpaperInfoTests;
			packageProductDependencies = (
			);
			productName = WallpaperInfoTests;
			productReference = A2CE83902CD997E00034BFDE /* WallpaperInfoTests.xctest */;
			productType = "com.apple.product-type.bundle.unit-test";
		};
		A2CE83992CD997E00034BFDE /* WallpaperInfoUITests */ = {
			isa = PBXNativeTarget;
			buildConfigurationList = A2CE83AA2CD997E00034BFDE /* Build configuration list for PBXNativeTarget "WallpaperInfoUITests" */;
			buildPhases = (
				A2CE83962CD997E00034BFDE /* Sources */,
				A2CE83972CD997E00034BFDE /* Frameworks */,
				A2CE83982CD997E00034BFDE /* Resources */,
			);
			buildRules = (
			);
			dependencies = (
				A2CE839C2CD997E00034BFDE /* PBXTargetDependency */,
			);
			fileSystemSynchronizedGroups = (
				A2CE839D2CD997E00034BFDE /* WallpaperInfoUITests */,
			);
			name = WallpaperInfoUITests;
			packageProductDependencies = (
			);
			productName = WallpaperInfoUITests;
			productReference = A2CE839A2CD997E00034BFDE /* WallpaperInfoUITests.xctest */;
			productType = "com.apple.product-type.bundle.ui-testing";
		};
/* End PBXNativeTarget section */

/* Begin PBXProject section */
		A2CE83772CD997DF0034BFDE /* Project object */ = {
			isa = PBXProject;
			attributes = {
				BuildIndependentTargetsInParallel = 1;
				LastSwiftUpdateCheck = 1600;
				LastUpgradeCheck = 1630;
				TargetAttributes = {
					A2CE837E2CD997DF0034BFDE = {
						CreatedOnToolsVersion = 16.0;
					};
					A2CE838F2CD997E00034BFDE = {
						CreatedOnToolsVersion = 16.0;
						TestTargetID = A2CE837E2CD997DF0034BFDE;
					};
					A2CE83992CD997E00034BFDE = {
						CreatedOnToolsVersion = 16.0;
						TestTargetID = A2CE837E2CD997DF0034BFDE;
					};
				};
			};
			buildConfigurationList = A2CE837A2CD997DF0034BFDE /* Build configuration list for PBXProject "WallpaperInfo" */;
			developmentRegion = en;
			hasScannedForEncodings = 0;
			knownRegions = (
				en,
				Base,
			);
			mainGroup = A2CE83762CD997DF0034BFDE;
			minimizedProjectReferenceProxies = 1;
			preferredProjectObjectVersion = 77;
			productRefGroup = A2CE83802CD997DF0034BFDE /* Products */;
			projectDirPath = "";
			projectRoot = "";
			targets = (
				A2CE837E2CD997DF0034BFDE /* WallpaperInfo */,
				A2CE838F2CD997E00034BFDE /* WallpaperInfoTests */,
				A2CE83992CD997E00034BFDE /* WallpaperInfoUITests */,
			);
		};
/* End PBXProject section */

/* Begin PBXResourcesBuildPhase section */
		A2CE837D2CD997DF0034BFDE /* Resources */ = {
			isa = PBXResourcesBuildPhase;
			buildActionMask = 2147483647;
			files = (
			);
			runOnlyForDeploymentPostprocessing = 0;
		};
		A2CE838E2CD997E00034BFDE /* Resources */ = {
			isa = PBXResourcesBuildPhase;
			buildActionMask = 2147483647;
			files = (
			);
			runOnlyForDeploymentPostprocessing = 0;
		};
		A2CE83982CD997E00034BFDE /* Resources */ = {
			isa = PBXResourcesBuildPhase;
			buildActionMask = 2147483647;
			files = (
			);
			runOnlyForDeploymentPostprocessing = 0;
		};
/* End PBXResourcesBuildPhase section */

/* Begin PBXSourcesBuildPhase section */
		A2CE837B2CD997DF0034BFDE /* Sources */ = {
			isa = PBXSourcesBuildPhase;
			buildActionMask = 2147483647;
			files = (
			);
			runOnlyForDeploymentPostprocessing = 0;
		};
		A2CE838C2CD997E00034BFDE /* Sources */ = {
			isa = PBXSourcesBuildPhase;
			buildActionMask = 2147483647;
			files = (
			);
			runOnlyForDeploymentPostprocessing = 0;
		};
		A2CE83962CD997E00034BFDE /* Sources */ = {
			isa = PBXSourcesBuildPhase;
			buildActionMask = 2147483647;
			files = (
			);
			runOnlyForDeploymentPostprocessing = 0;
		};
/* End PBXSourcesBuildPhase section */

/* Begin PBXTargetDependency section */
		A2CE83922CD997E00034BFDE /* PBXTargetDependency */ = {
			isa = PBXTargetDependency;
			target = A2CE837E2CD997DF0034BFDE /* WallpaperInfo */;
			targetProxy = A2CE83912CD997E00034BFDE /* PBXContainerItemProxy */;
		};
		A2CE839C2CD997E00034BFDE /* PBXTargetDependency */ = {
			isa = PBXTargetDependency;
			target = A2CE837E2CD997DF0034BFDE /* WallpaperInfo */;
			targetProxy = A2CE839B2CD997E00034BFDE /* PBXContainerItemProxy */;
		};
/* End PBXTargetDependency section */

/* Begin XCBuildConfiguration section */
		A2CE83A22CD997E00034BFDE /* Debug */ = {
			isa = XCBuildConfiguration;
			buildSettings = {
				ALWAYS_SEARCH_USER_PATHS = NO;
				ASSETCATALOG_COMPILER_GENERATE_SWIFT_ASSET_SYMBOL_EXTENSIONS = YES;
				CLANG_ANALYZER_NONNULL = YES;
				CLANG_ANALYZER_NUMBER_OBJECT_CONVERSION = YES_AGGRESSIVE;
				CLANG_CXX_LANGUAGE_STANDARD = "gnu++20";
				CLANG_ENABLE_MODULES = YES;
				CLANG_ENABLE_OBJC_ARC = YES;
				CLANG_ENABLE_OBJC_WEAK = YES;
				CLANG_WARN_BLOCK_CAPTURE_AUTORELEASING = YES;
				CLANG_WARN_BOOL_CONVERSION = YES;
				CLANG_WARN_COMMA = YES;
				CLANG_WARN_CONSTANT_CONVERSION = YES;
				CLANG_WARN_DEPRECATED_OBJC_IMPLEMENTATIONS = YES;
				CLANG_WARN_DIRECT_OBJC_ISA_USAGE = YES_ERROR;
				CLANG_WARN_DOCUMENTATION_COMMENTS = YES;
				CLANG_WARN_EMPTY_BODY = YES;
				CLANG_WARN_ENUM_CONVERSION = YES;
				CLANG_WARN_INFINITE_RECURSION = YES;
				CLANG_WARN_INT_CONVERSION = YES;
				CLANG_WARN_NON_LITERAL_NULL_CONVERSION = YES;
				CLANG_WARN_OBJC_IMPLICIT_RETAIN_SELF = YES;
				CLANG_WARN_OBJC_LITERAL_CONVERSION = YES;
				CLANG_WARN_OBJC_ROOT_CLASS = YES_ERROR;
				CLANG_WARN_QUOTED_INCLUDE_IN_FRAMEWORK_HEADER = YES;
				CLANG_WARN_RANGE_LOOP_ANALYSIS = YES;
				CLANG_WARN_STRICT_PROTOTYPES = YES;
				CLANG_WARN_SUSPICIOUS_MOVE = YES;
				CLANG_WARN_UNGUARDED_AVAILABILITY = YES_AGGRESSIVE;
				CLANG_WARN_UNREACHABLE_CODE = YES;
				CLANG_WARN__DUPLICATE_METHOD_MATCH = YES;
				COPY_PHASE_STRIP = NO;
				DEAD_CODE_STRIPPING = YES;
				DEBUG_INFORMATION_FORMAT = dwarf;
				DEVELOPMENT_TEAM = UBXXTX5R7W;
				ENABLE_STRICT_OBJC_MSGSEND = YES;
				ENABLE_TESTABILITY = YES;
				ENABLE_USER_SCRIPT_SANDBOXING = YES;
				GCC_C_LANGUAGE_STANDARD = gnu17;
				GCC_DYNAMIC_NO_PIC = NO;
				GCC_NO_COMMON_BLOCKS = YES;
				GCC_OPTIMIZATION_LEVEL = 0;
				GCC_PREPROCESSOR_DEFINITIONS = (
					"DEBUG=1",
					"$(inherited)",
				);
				GCC_WARN_64_TO_32_BIT_CONVERSION = YES;
				GCC_WARN_ABOUT_RETURN_TYPE = YES_ERROR;
				GCC_WARN_UNDECLARED_SELECTOR = YES;
				GCC_WARN_UNINITIALIZED_AUTOS = YES_AGGRESSIVE;
				GCC_WARN_UNUSED_FUNCTION = YES;
				GCC_WARN_UNUSED_VARIABLE = YES;
				LOCALIZATION_PREFERS_STRING_CATALOGS = YES;
				MACOSX_DEPLOYMENT_TARGET = 15.0;
				MTL_ENABLE_DEBUG_INFO = INCLUDE_SOURCE;
				MTL_FAST_MATH = YES;
				ONLY_ACTIVE_ARCH = YES;
				SDKROOT = macosx;
				SWIFT_ACTIVE_COMPILATION_CONDITIONS = "DEBUG $(inherited)";
				SWIFT_OPTIMIZATION_LEVEL = "-Onone";
			};
			name = Debug;
		};
		A2CE83A32CD997E00034BFDE /* Release */ = {
			isa = XCBuildConfiguration;
			buildSettings = {
				ALWAYS_SEARCH_USER_PATHS = NO;
				ASSETCATALOG_COMPILER_GENERATE_SWIFT_ASSET_SYMBOL_EXTENSIONS = YES;
				CLANG_ANALYZER_NONNULL = YES;
				CLANG_ANALYZER_NUMBER_OBJECT_CONVERSION = YES_AGGRESSIVE;
				CLANG_CXX_LANGUAGE_STANDARD = "gnu++20";
				CLANG_ENABLE_MODULES = YES;
				CLANG_ENABLE_OBJC_ARC = YES;
				CLANG_ENABLE_OBJC_WEAK = YES;
				CLANG_WARN_BLOCK_CAPTURE_AUTORELEASING = YES;
				CLANG_WARN_BOOL_CONVERSION = YES;
				CLANG_WARN_COMMA = YES;
				CLANG_WARN_CONSTANT_CONVERSION = YES;
				CLANG_WARN_DEPRECATED_OBJC_IMPLEMENTATIONS = YES;
				CLANG_WARN_DIRECT_OBJC_ISA_USAGE = YES_ERROR;
				CLANG_WARN_DOCUMENTATION_COMMENTS = YES;
				CLANG_WARN_EMPTY_BODY = YES;
				CLANG_WARN_ENUM_CONVERSION = YES;
				CLANG_WARN_INFINITE_RECURSION = YES;
				CLANG_WARN_INT_CONVERSION = YES;
				CLANG_WARN_NON_LITERAL_NULL_CONVERSION = YES;
				CLANG_WARN_OBJC_IMPLICIT_RETAIN_SELF = YES;
				CLANG_WARN_OBJC_LITERAL_CONVERSION = YES;
				CLANG_WARN_OBJC_ROOT_CLASS = YES_ERROR;
				CLANG_WARN_QUOTED_INCLUDE_IN_FRAMEWORK_HEADER = YES;
				CLANG_WARN_RANGE_LOOP_ANALYSIS = YES;
				CLANG_WARN_STRICT_PROTOTYPES = YES;
				CLANG_WARN_SUSPICIOUS_MOVE = YES;
				CLANG_WARN_UNGUARDED_AVAILABILITY = YES_AGGRESSIVE;
				CLANG_WARN_UNREACHABLE_CODE = YES;
				CLANG_WARN__DUPLICATE_METHOD_MATCH = YES;
				COPY_PHASE_STRIP = NO;
				DEAD_CODE_STRIPPING = YES;
				DEBUG_INFORMATION_FORMAT = "dwarf-with-dsym";
				DEVELOPMENT_TEAM = UBXXTX5R7W;
				ENABLE_NS_ASSERTIONS = NO;
				ENABLE_STRICT_OBJC_MSGSEND = YES;
				ENABLE_USER_SCRIPT_SANDBOXING = YES;
				GCC_C_LANGUAGE_STANDARD = gnu17;
				GCC_NO_COMMON_BLOCKS = YES;
				GCC_WARN_64_TO_32_BIT_CONVERSION = YES;
				GCC_WARN_ABOUT_RETURN_TYPE = YES_ERROR;
				GCC_WARN_UNDECLARED_SELECTOR = YES;
				GCC_WARN_UNINITIALIZED_AUTOS = YES_AGGRESSIVE;
				GCC_WARN_UNUSED_FUNCTION = YES;
				GCC_WARN_UNUSED_VARIABLE = YES;
				LOCALIZATION_PREFERS_STRING_CATALOGS = YES;
				MACOSX_DEPLOYMENT_TARGET = 15.0;
				MTL_ENABLE_DEBUG_INFO = NO;
				MTL_FAST_MATH = YES;
				SDKROOT = macosx;
				SWIFT_COMPILATION_MODE = wholemodule;
			};
			name = Release;
		};
		A2CE83A52CD997E00034BFDE /* Debug */ = {
			isa = XCBuildConfiguration;
			buildSettings = {
				ASSETCATALOG_COMPILER_APPICON_NAME = AppIcon;
				ASSETCATALOG_COMPILER_GLOBAL_ACCENT_COLOR_NAME = AccentColor;
				CODE_SIGN_ENTITLEMENTS = WallpaperInfo/WallpaperInfo.entitlements;
				"CODE_SIGN_IDENTITY[sdk=macosx*]" = "Apple Development";
				CODE_SIGN_STYLE = Automatic;
				COMBINE_HIDPI_IMAGES = YES;
				CURRENT_PROJECT_VERSION = 1;
				DEAD_CODE_STRIPPING = YES;
				DEVELOPMENT_ASSET_PATHS = "\"WallpaperInfo/Preview Content\"";
				ENABLE_HARDENED_RUNTIME = YES;
				ENABLE_PREVIEWS = YES;
				GENERATE_INFOPLIST_FILE = YES;
				INFOPLIST_KEY_LSApplicationCategoryType = "public.app-category.utilities";
				INFOPLIST_KEY_LSUIElement = YES;
				INFOPLIST_KEY_NSHumanReadableCopyright = "Copyright 2024 Brad Greenlee";
				LD_RUNPATH_SEARCH_PATHS = (
					"$(inherited)",
					"@executable_path/../Frameworks",
				);
				MACOSX_DEPLOYMENT_TARGET = 14.0;
				MARKETING_VERSION = 1.0;
				PRODUCT_BUNDLE_IDENTIFIER = org.footle.WallpaperInfo;
				PRODUCT_NAME = "$(TARGET_NAME)";
				SWIFT_EMIT_LOC_STRINGS = YES;
				SWIFT_VERSION = 5.0;
			};
			name = Debug;
		};
		A2CE83A62CD997E00034BFDE /* Release */ = {
			isa = XCBuildConfiguration;
			buildSettings = {
				ASSETCATALOG_COMPILER_APPICON_NAME = AppIcon;
				ASSETCATALOG_COMPILER_GLOBAL_ACCENT_COLOR_NAME = AccentColor;
				CODE_SIGN_ENTITLEMENTS = WallpaperInfo/WallpaperInfo.entitlements;
				"CODE_SIGN_IDENTITY[sdk=macosx*]" = "Apple Development";
				CODE_SIGN_STYLE = Automatic;
				COMBINE_HIDPI_IMAGES = YES;
				CURRENT_PROJECT_VERSION = 1;
				DEAD_CODE_STRIPPING = YES;
				DEVELOPMENT_ASSET_PATHS = "\"WallpaperInfo/Preview Content\"";
				ENABLE_HARDENED_RUNTIME = YES;
				ENABLE_PREVIEWS = YES;
				GENERATE_INFOPLIST_FILE = YES;
				INFOPLIST_KEY_LSApplicationCategoryType = "public.app-category.utilities";
				INFOPLIST_KEY_LSUIElement = YES;
				INFOPLIST_KEY_NSHumanReadableCopyright = "Copyright 2024 Brad Greenlee";
				LD_RUNPATH_SEARCH_PATHS = (
					"$(inherited)",
					"@executable_path/../Frameworks",
				);
				MACOSX_DEPLOYMENT_TARGET = 14.0;
				MARKETING_VERSION = 1.0;
				PRODUCT_BUNDLE_IDENTIFIER = org.footle.WallpaperInfo;
				PRODUCT_NAME = "$(TARGET_NAME)";
				SWIFT_EMIT_LOC_STRINGS = YES;
				SWIFT_VERSION = 5.0;
			};
			name = Release;
		};
		A2CE83A82CD997E00034BFDE /* Debug */ = {
			isa = XCBuildConfiguration;
			buildSettings = {
				BUNDLE_LOADER = "$(TEST_HOST)";
				CODE_SIGN_STYLE = Automatic;
				CURRENT_PROJECT_VERSION = 1;
				DEAD_CODE_STRIPPING = YES;
				GENERATE_INFOPLIST_FILE = YES;
				MACOSX_DEPLOYMENT_TARGET = 15.0;
				MARKETING_VERSION = 1.0;
				PRODUCT_BUNDLE_IDENTIFIER = org.footle.WallpaperInfoTests;
				PRODUCT_NAME = "$(TARGET_NAME)";
				SWIFT_EMIT_LOC_STRINGS = NO;
				SWIFT_VERSION = 5.0;
				TEST_HOST = "$(BUILT_PRODUCTS_DIR)/WallpaperInfo.app/$(BUNDLE_EXECUTABLE_FOLDER_PATH)/WallpaperInfo";
			};
			name = Debug;
		};
		A2CE83A92CD997E00034BFDE /* Release */ = {
			isa = XCBuildConfiguration;
			buildSettings = {
				BUNDLE_LOADER = "$(TEST_HOST)";
				CODE_SIGN_STYLE = Automatic;
				CURRENT_PROJECT_VERSION = 1;
				DEAD_CODE_STRIPPING = YES;
				GENERATE_INFOPLIST_FILE = YES;
				MACOSX_DEPLOYMENT_TARGET = 15.0;
				MARKETING_VERSION = 1.0;
				PRODUCT_BUNDLE_IDENTIFIER = org.footle.WallpaperInfoTests;
				PRODUCT_NAME = "$(TARGET_NAME)";
				SWIFT_EMIT_LOC_STRINGS = NO;
				SWIFT_VERSION = 5.0;
				TEST_HOST = "$(BUILT_PRODUCTS_DIR)/WallpaperInfo.app/$(BUNDLE_EXECUTABLE_FOLDER_PATH)/WallpaperInfo";
			};
			name = Release;
		};
		A2CE83AB2CD997E00034BFDE /* Debug */ = {
			isa = XCBuildConfiguration;
			buildSettings = {
				CODE_SIGN_STYLE = Automatic;
				CURRENT_PROJECT_VERSION = 1;
				DEAD_CODE_STRIPPING = YES;
				GENERATE_INFOPLIST_FILE = YES;
				MARKETING_VERSION = 1.0;
				PRODUCT_BUNDLE_IDENTIFIER = org.footle.WallpaperInfoUITests;
				PRODUCT_NAME = "$(TARGET_NAME)";
				SWIFT_EMIT_LOC_STRINGS = NO;
				SWIFT_VERSION = 5.0;
				TEST_TARGET_NAME = WallpaperInfo;
			};
			name = Debug;
		};
		A2CE83AC2CD997E00034BFDE /* Release */ = {
			isa = XCBuildConfiguration;
			buildSettings = {
				CODE_SIGN_STYLE = Automatic;
				CURRENT_PROJECT_VERSION = 1;
				DEAD_CODE_STRIPPING = YES;
				GENERATE_INFOPLIST_FILE = YES;
				MARKETING_VERSION = 1.0;
				PRODUCT_BUNDLE_IDENTIFIER = org.footle.WallpaperInfoUITests;
				PRODUCT_NAME = "$(TARGET_NAME)";
				SWIFT_EMIT_LOC_STRINGS = NO;
				SWIFT_VERSION = 5.0;
				TEST_TARGET_NAME = WallpaperInfo;
			};
			name = Release;
		};
/* End XCBuildConfiguration section */

/* Begin XCConfigurationList section */
		A2CE837A2CD997DF0034BFDE /* Build configuration list for PBXProject "WallpaperInfo" */ = {
			isa = XCConfigurationList;
			buildConfigurations = (
				A2CE83A22CD997E00034BFDE /* Debug */,
				A2CE83A32CD997E00034BFDE /* Release */,
			);
			defaultConfigurationIsVisible = 0;
			defaultConfigurationName = Release;
		};
		A2CE83A42CD997E00034BFDE /* Build configuration list for PBXNativeTarget "WallpaperInfo" */ = {
			isa = XCConfigurationList;
			buildConfigurations = (
				A2CE83A52CD997E00034BFDE /* Debug */,
				A2CE83A62CD997E00034BFDE /* Release */,
			);
			defaultConfigurationIsVisible = 0;
			defaultConfigurationName = Release;
		};
		A2CE83A72CD997E00034BFDE /* Build configuration list for PBXNativeTarget "WallpaperInfoTests" */ = {
			isa = XCConfigurationList;
			buildConfigurations = (
				A2CE83A82CD997E00034BFDE /* Debug */,
				A2CE83A92CD997E00034BFDE /* Release */,
			);
			defaultConfigurationIsVisible = 0;
			defaultConfigurationName = Release;
		};
		A2CE83AA2CD997E00034BFDE /* Build configuration list for PBXNativeTarget "WallpaperInfoUITests" */ = {
			isa = XCConfigurationList;
			buildConfigurations = (
				A2CE83AB2CD997E00034BFDE /* Debug */,
				A2CE83AC2CD997E00034BFDE /* Release */,
			);
			defaultConfigurationIsVisible = 0;
			defaultConfigurationName = Release;
		};
/* End XCConfigurationList section */
	};
	rootObject = A2CE83772CD997DF0034BFDE /* Project object */;
}
